{
  "name": "shapetoy",
  "version": "1.0.0",
  "lockfileVersion": 3,
  "requires": true,
  "packages": {
    "": {
      "name": "shapetoy",
      "version": "1.0.0",
      "license": "ISC",
      "devDependencies": {
        "@timohausmann/quadtree-js": "^1.2.6",
        "@timohausmann/quadtree-ts": "^2.2.2"
      }
    },
    "node_modules/@timohausmann/quadtree-js": {
      "version": "1.2.6",
      "resolved": "https://registry.npmjs.org/@timohausmann/quadtree-js/-/quadtree-js-1.2.6.tgz",
      "integrity": "sha512-EoAoLMFV2JfSG8+8XD9xWJQdyvfEB5xNpiQWGD7rTDSbDQQV8IVpkm0uOIxwJZ+1uC9hHKri9GmJ5wBSUO4jfg==",
      "dev": true
    },
    "node_modules/@timohausmann/quadtree-ts": {
      "version": "2.2.2",
      "resolved": "https://registry.npmjs.org/@timohausmann/quadtree-ts/-/quadtree-ts-2.2.2.tgz",
      "integrity": "sha512-emYbmmbTb+S3F75yvt03KQ3pMO3v/4BzjbAVnflbYq3zJfcurTfZHeriK8o7T0lFzBz3kBw2Pn41vlK3pD8spw==",
      "dev": true
    }
  }
}
